# This file is automatically @generated by Poetry 1.8.3 and should not be changed by hand.

[[package]]
name = "click"
version = "8.1.7"
description = "Composable command line interface toolkit"
optional = false
python-versions = ">=3.7"
files = [
    {file = "click-8.1.7-py3-none-any.whl", hash = "sha256:ae74fb96c20a0277a1d615f1e4d73c8414f5a98db8b799a7931d1582f3390c28"},
    {file = "click-8.1.7.tar.gz", hash = "sha256:ca9853ad459e787e2192211578cc907e7594e294c7ccc834310722b41b9ca6de"},
]

[package.dependencies]
colorama = {version = "*", markers = "platform_system == \"Windows\""}

[[package]]
name = "colorama"
version = "0.4.6"
description = "Cross-platform colored terminal text."
optional = false
python-versions = "!=3.0.*,!=3.1.*,!=3.2.*,!=3.3.*,!=3.4.*,!=3.5.*,!=3.6.*,>=2.7"
files = [
    {file = "colorama-0.4.6-py2.py3-none-any.whl", hash = "sha256:4f1d9991f5acc0ca119f9d443620b77f9d6b33703e51011c16baf57afb285fc6"},
    {file = "colorama-0.4.6.tar.gz", hash = "sha256:08695f5cb7ed6e0531a20572697297273c47b8cae5a63ffc6d6ed5c201be6e44"},
]

[[package]]
name = "decouple"
version = "0.0.7"
description = "Decoupling logic"
optional = false
python-versions = ">=3.7"
files = [
    {file = "decouple-0.0.7.tar.gz", hash = "sha256:c253c1cc62b76e9720a066f334552548c6de1884bc3bdf456ddb62d61b867b09"},
]

[[package]]
name = "duckdb"
version = "0.8.1"
description = "DuckDB embedded database"
optional = false
python-versions = "*"
files = [
    {file = "duckdb-0.8.1-cp310-cp310-macosx_10_9_universal2.whl", hash = "sha256:14781d21580ee72aba1f5dcae7734674c9b6c078dd60470a08b2b420d15b996d"},
    {file = "duckdb-0.8.1-cp310-cp310-macosx_10_9_x86_64.whl", hash = "sha256:f13bf7ab0e56ddd2014ef762ae4ee5ea4df5a69545ce1191b8d7df8118ba3167"},
    {file = "duckdb-0.8.1-cp310-cp310-macosx_11_0_arm64.whl", hash = "sha256:e4032042d8363e55365bbca3faafc6dc336ed2aad088f10ae1a534ebc5bcc181"},
    {file = "duckdb-0.8.1-cp310-cp310-manylinux_2_17_aarch64.manylinux2014_aarch64.whl", hash = "sha256:31a71bd8f0b0ca77c27fa89b99349ef22599ffefe1e7684ae2e1aa2904a08684"},
    {file = "duckdb-0.8.1-cp310-cp310-manylinux_2_17_i686.manylinux2014_i686.whl", hash = "sha256:24568d6e48f3dbbf4a933109e323507a46b9399ed24c5d4388c4987ddc694fd0"},
    {file = "duckdb-0.8.1-cp310-cp310-manylinux_2_17_x86_64.manylinux2014_x86_64.whl", hash = "sha256:297226c0dadaa07f7c5ae7cbdb9adba9567db7b16693dbd1b406b739ce0d7924"},
    {file = "duckdb-0.8.1-cp310-cp310-musllinux_1_1_i686.whl", hash = "sha256:5792cf777ece2c0591194006b4d3e531f720186102492872cb32ddb9363919cf"},
    {file = "duckdb-0.8.1-cp310-cp310-musllinux_1_1_x86_64.whl", hash = "sha256:12803f9f41582b68921d6b21f95ba7a51e1d8f36832b7d8006186f58c3d1b344"},
    {file = "duckdb-0.8.1-cp310-cp310-win32.whl", hash = "sha256:d0953d5a2355ddc49095e7aef1392b7f59c5be5cec8cdc98b9d9dc1f01e7ce2b"},
    {file = "duckdb-0.8.1-cp310-cp310-win_amd64.whl", hash = "sha256:6e6583c98a7d6637e83bcadfbd86e1f183917ea539f23b6b41178f32f813a5eb"},
    {file = "duckdb-0.8.1-cp311-cp311-macosx_10_9_universal2.whl", hash = "sha256:fad7ed0d4415f633d955ac24717fa13a500012b600751d4edb050b75fb940c25"},
    {file = "duckdb-0.8.1-cp311-cp311-macosx_10_9_x86_64.whl", hash = "sha256:81ae602f34d38d9c48dd60f94b89f28df3ef346830978441b83c5b4eae131d08"},
    {file = "duckdb-0.8.1-cp311-cp311-macosx_11_0_arm64.whl", hash = "sha256:7d75cfe563aaa058d3b4ccaaa371c6271e00e3070df5de72361fd161b2fe6780"},
    {file = "duckdb-0.8.1-cp311-cp311-manylinux_2_17_aarch64.manylinux2014_aarch64.whl", hash = "sha256:8dbb55e7a3336f2462e5e916fc128c47fe1c03b6208d6bd413ac11ed95132aa0"},
    {file = "duckdb-0.8.1-cp311-cp311-manylinux_2_17_i686.manylinux2014_i686.whl", hash = "sha256:a6df53efd63b6fdf04657385a791a4e3c4fb94bfd5db181c4843e2c46b04fef5"},
    {file = "duckdb-0.8.1-cp311-cp311-manylinux_2_17_x86_64.manylinux2014_x86_64.whl", hash = "sha256:1b188b80b70d1159b17c9baaf541c1799c1ce8b2af4add179a9eed8e2616be96"},
    {file = "duckdb-0.8.1-cp311-cp311-musllinux_1_1_i686.whl", hash = "sha256:5ad481ee353f31250b45d64b4a104e53b21415577943aa8f84d0af266dc9af85"},
    {file = "duckdb-0.8.1-cp311-cp311-musllinux_1_1_x86_64.whl", hash = "sha256:d1d1b1729993611b1892509d21c21628917625cdbe824a61ce891baadf684b32"},
    {file = "duckdb-0.8.1-cp311-cp311-win32.whl", hash = "sha256:2d8f9cc301e8455a4f89aa1088b8a2d628f0c1f158d4cf9bc78971ed88d82eea"},
    {file = "duckdb-0.8.1-cp311-cp311-win_amd64.whl", hash = "sha256:07457a43605223f62d93d2a5a66b3f97731f79bbbe81fdd5b79954306122f612"},
    {file = "duckdb-0.8.1-cp36-cp36m-macosx_10_9_x86_64.whl", hash = "sha256:d2c8062c3e978dbcd80d712ca3e307de8a06bd4f343aa457d7dd7294692a3842"},
    {file = "duckdb-0.8.1-cp36-cp36m-win32.whl", hash = "sha256:fad486c65ae944eae2de0d590a0a4fb91a9893df98411d66cab03359f9cba39b"},
    {file = "duckdb-0.8.1-cp36-cp36m-win_amd64.whl", hash = "sha256:86fa4506622c52d2df93089c8e7075f1c4d0ba56f4bf27faebde8725355edf32"},
    {file = "duckdb-0.8.1-cp37-cp37m-macosx_10_9_x86_64.whl", hash = "sha256:60e07a62782f88420046e30cc0e3de842d0901c4fd5b8e4d28b73826ec0c3f5e"},
    {file = "duckdb-0.8.1-cp37-cp37m-manylinux_2_17_aarch64.manylinux2014_aarch64.whl", hash = "sha256:f18563675977f8cbf03748efee0165b4c8ef64e0cbe48366f78e2914d82138bb"},
    {file = "duckdb-0.8.1-cp37-cp37m-manylinux_2_17_i686.manylinux2014_i686.whl", hash = "sha256:16e179443832bea8439ae4dff93cf1e42c545144ead7a4ef5f473e373eea925a"},
    {file = "duckdb-0.8.1-cp37-cp37m-manylinux_2_17_x86_64.manylinux2014_x86_64.whl", hash = "sha256:a413d5267cb41a1afe69d30dd6d4842c588256a6fed7554c7e07dad251ede095"},
    {file = "duckdb-0.8.1-cp37-cp37m-musllinux_1_1_i686.whl", hash = "sha256:3784680df59eadd683b0a4c2375d451a64470ca54bd171c01e36951962b1d332"},
    {file = "duckdb-0.8.1-cp37-cp37m-musllinux_1_1_x86_64.whl", hash = "sha256:67a1725c2b01f9b53571ecf3f92959b652f60156c1c48fb35798302e39b3c1a2"},
    {file = "duckdb-0.8.1-cp37-cp37m-win32.whl", hash = "sha256:197d37e2588c5ad063e79819054eedb7550d43bf1a557d03ba8f8f67f71acc42"},
    {file = "duckdb-0.8.1-cp37-cp37m-win_amd64.whl", hash = "sha256:3843feb79edf100800f5037c32d5d5a5474fb94b32ace66c707b96605e7c16b2"},
    {file = "duckdb-0.8.1-cp38-cp38-macosx_10_9_universal2.whl", hash = "sha256:624c889b0f2d656794757b3cc4fc58030d5e285f5ad2ef9fba1ea34a01dab7fb"},
    {file = "duckdb-0.8.1-cp38-cp38-macosx_10_9_x86_64.whl", hash = "sha256:fcbe3742d77eb5add2d617d487266d825e663270ef90253366137a47eaab9448"},
    {file = "duckdb-0.8.1-cp38-cp38-macosx_11_0_arm64.whl", hash = "sha256:47516c9299d09e9dbba097b9fb339b389313c4941da5c54109df01df0f05e78c"},
    {file = "duckdb-0.8.1-cp38-cp38-manylinux_2_17_aarch64.manylinux2014_aarch64.whl", hash = "sha256:cf1ba718b7522d34399446ebd5d4b9fcac0b56b6ac07bfebf618fd190ec37c1d"},
    {file = "duckdb-0.8.1-cp38-cp38-manylinux_2_17_i686.manylinux2014_i686.whl", hash = "sha256:e36e35d38a9ae798fe8cf6a839e81494d5b634af89f4ec9483f4d0a313fc6bdb"},
    {file = "duckdb-0.8.1-cp38-cp38-manylinux_2_17_x86_64.manylinux2014_x86_64.whl", hash = "sha256:23493313f88ce6e708a512daacad13e83e6d1ea0be204b175df1348f7fc78671"},
    {file = "duckdb-0.8.1-cp38-cp38-musllinux_1_1_i686.whl", hash = "sha256:1fb9bf0b6f63616c8a4b9a6a32789045e98c108df100e6bac783dc1e36073737"},
    {file = "duckdb-0.8.1-cp38-cp38-musllinux_1_1_x86_64.whl", hash = "sha256:12fc13ecd5eddd28b203b9e3999040d3a7374a8f4b833b04bd26b8c5685c2635"},
    {file = "duckdb-0.8.1-cp38-cp38-win32.whl", hash = "sha256:a12bf4b18306c9cb2c9ba50520317e6cf2de861f121d6f0678505fa83468c627"},
    {file = "duckdb-0.8.1-cp38-cp38-win_amd64.whl", hash = "sha256:e4e809358b9559c00caac4233e0e2014f3f55cd753a31c4bcbbd1b55ad0d35e4"},
    {file = "duckdb-0.8.1-cp39-cp39-macosx_10_9_universal2.whl", hash = "sha256:7acedfc00d97fbdb8c3d120418c41ef3cb86ef59367f3a9a30dff24470d38680"},
    {file = "duckdb-0.8.1-cp39-cp39-macosx_10_9_x86_64.whl", hash = "sha256:99bfe264059cdc1e318769103f656f98e819cd4e231cd76c1d1a0327f3e5cef8"},
    {file = "duckdb-0.8.1-cp39-cp39-macosx_11_0_arm64.whl", hash = "sha256:538b225f361066231bc6cd66c04a5561de3eea56115a5dd773e99e5d47eb1b89"},
    {file = "duckdb-0.8.1-cp39-cp39-manylinux_2_17_aarch64.manylinux2014_aarch64.whl", hash = "sha256:ae0be3f71a18cd8492d05d0fc1bc67d01d5a9457b04822d025b0fc8ee6efe32e"},
    {file = "duckdb-0.8.1-cp39-cp39-manylinux_2_17_i686.manylinux2014_i686.whl", hash = "sha256:cd82ba63b58672e46c8ec60bc9946aa4dd7b77f21c1ba09633d8847ad9eb0d7b"},
    {file = "duckdb-0.8.1-cp39-cp39-manylinux_2_17_x86_64.manylinux2014_x86_64.whl", hash = "sha256:780a34559aaec8354e83aa4b7b31b3555f1b2cf75728bf5ce11b89a950f5cdd9"},
    {file = "duckdb-0.8.1-cp39-cp39-musllinux_1_1_i686.whl", hash = "sha256:01f0d4e9f7103523672bda8d3f77f440b3e0155dd3b2f24997bc0c77f8deb460"},
    {file = "duckdb-0.8.1-cp39-cp39-musllinux_1_1_x86_64.whl", hash = "sha256:31f692decb98c2d57891da27180201d9e93bb470a3051fcf413e8da65bca37a5"},
    {file = "duckdb-0.8.1-cp39-cp39-win32.whl", hash = "sha256:e7fe93449cd309bbc67d1bf6f6392a6118e94a9a4479ab8a80518742e855370a"},
    {file = "duckdb-0.8.1-cp39-cp39-win_amd64.whl", hash = "sha256:81d670bc6807672f038332d9bf587037aabdd741b0810de191984325ed307abd"},
    {file = "duckdb-0.8.1.tar.gz", hash = "sha256:a54d37f4abc2afc4f92314aaa56ecf215a411f40af4bffe1e86bd25e62aceee9"},
]

[[package]]
name = "duckdb-engine"
version = "0.13.1"
description = "SQLAlchemy driver for duckdb"
optional = false
python-versions = "<4,>=3.8"
files = [
    {file = "duckdb_engine-0.13.1-py3-none-any.whl", hash = "sha256:ddcb173cb7bc088561aadccd2416ddaf83c61430f82983b4fc362fa16000af74"},
    {file = "duckdb_engine-0.13.1.tar.gz", hash = "sha256:883510ff0ce6fdbf0ef595c16c92873fa500bcee9a70ec92ab5f511e8542fc6f"},
]

[package.dependencies]
duckdb = ">=0.5.0"
packaging = ">=21"
sqlalchemy = ">=1.3.22"

[[package]]
name = "exceptiongroup"
version = "1.2.2"
description = "Backport of PEP 654 (exception groups)"
optional = false
python-versions = ">=3.7"
files = [
    {file = "exceptiongroup-1.2.2-py3-none-any.whl", hash = "sha256:3111b9d131c238bec2f8f516e123e14ba243563fb135d3fe885990585aa7795b"},
    {file = "exceptiongroup-1.2.2.tar.gz", hash = "sha256:47c2edf7c6738fafb49fd34290706d1a1a2f4d1c6df275526b62cbb4aa5393cc"},
]

[package.extras]
test = ["pytest (>=6)"]

[[package]]
name = "greenlet"
version = "3.0.3"
description = "Lightweight in-process concurrent programming"
optional = false
python-versions = ">=3.7"
files = [
    {file = "greenlet-3.0.3-cp310-cp310-macosx_11_0_universal2.whl", hash = "sha256:9da2bd29ed9e4f15955dd1595ad7bc9320308a3b766ef7f837e23ad4b4aac31a"},
    {file = "greenlet-3.0.3-cp310-cp310-manylinux_2_17_aarch64.manylinux2014_aarch64.whl", hash = "sha256:d353cadd6083fdb056bb46ed07e4340b0869c305c8ca54ef9da3421acbdf6881"},
    {file = "greenlet-3.0.3-cp310-cp310-manylinux_2_17_ppc64le.manylinux2014_ppc64le.whl", hash = "sha256:dca1e2f3ca00b84a396bc1bce13dd21f680f035314d2379c4160c98153b2059b"},
    {file = "greenlet-3.0.3-cp310-cp310-manylinux_2_17_s390x.manylinux2014_s390x.whl", hash = "sha256:3ed7fb269f15dc662787f4119ec300ad0702fa1b19d2135a37c2c4de6fadfd4a"},
    {file = "greenlet-3.0.3-cp310-cp310-manylinux_2_17_x86_64.manylinux2014_x86_64.whl", hash = "sha256:dd4f49ae60e10adbc94b45c0b5e6a179acc1736cf7a90160b404076ee283cf83"},
    {file = "greenlet-3.0.3-cp310-cp310-manylinux_2_24_x86_64.manylinux_2_28_x86_64.whl", hash = "sha256:73a411ef564e0e097dbe7e866bb2dda0f027e072b04da387282b02c308807405"},
    {file = "greenlet-3.0.3-cp310-cp310-musllinux_1_1_aarch64.whl", hash = "sha256:7f362975f2d179f9e26928c5b517524e89dd48530a0202570d55ad6ca5d8a56f"},
    {file = "greenlet-3.0.3-cp310-cp310-musllinux_1_1_x86_64.whl", hash = "sha256:649dde7de1a5eceb258f9cb00bdf50e978c9db1b996964cd80703614c86495eb"},
    {file = "greenlet-3.0.3-cp310-cp310-win_amd64.whl", hash = "sha256:68834da854554926fbedd38c76e60c4a2e3198c6fbed520b106a8986445caaf9"},
    {file = "greenlet-3.0.3-cp311-cp311-macosx_11_0_universal2.whl", hash = "sha256:b1b5667cced97081bf57b8fa1d6bfca67814b0afd38208d52538316e9422fc61"},
    {file = "greenlet-3.0.3-cp311-cp311-manylinux_2_17_aarch64.manylinux2014_aarch64.whl", hash = "sha256:52f59dd9c96ad2fc0d5724107444f76eb20aaccb675bf825df6435acb7703559"},
    {file = "greenlet-3.0.3-cp311-cp311-manylinux_2_17_ppc64le.manylinux2014_ppc64le.whl", hash = "sha256:afaff6cf5200befd5cec055b07d1c0a5a06c040fe5ad148abcd11ba6ab9b114e"},
    {file = "greenlet-3.0.3-cp311-cp311-manylinux_2_17_s390x.manylinux2014_s390x.whl", hash = "sha256:fe754d231288e1e64323cfad462fcee8f0288654c10bdf4f603a39ed923bef33"},
    {file = "greenlet-3.0.3-cp311-cp311-manylinux_2_17_x86_64.manylinux2014_x86_64.whl", hash = "sha256:2797aa5aedac23af156bbb5a6aa2cd3427ada2972c828244eb7d1b9255846379"},
    {file = "greenlet-3.0.3-cp311-cp311-manylinux_2_24_x86_64.manylinux_2_28_x86_64.whl", hash = "sha256:b7f009caad047246ed379e1c4dbcb8b020f0a390667ea74d2387be2998f58a22"},
    {file = "greenlet-3.0.3-cp311-cp311-musllinux_1_1_aarch64.whl", hash = "sha256:c5e1536de2aad7bf62e27baf79225d0d64360d4168cf2e6becb91baf1ed074f3"},
    {file = "greenlet-3.0.3-cp311-cp311-musllinux_1_1_x86_64.whl", hash = "sha256:894393ce10ceac937e56ec00bb71c4c2f8209ad516e96033e4b3b1de270e200d"},
    {file = "greenlet-3.0.3-cp311-cp311-win_amd64.whl", hash = "sha256:1ea188d4f49089fc6fb283845ab18a2518d279c7cd9da1065d7a84e991748728"},
    {file = "greenlet-3.0.3-cp312-cp312-macosx_11_0_universal2.whl", hash = "sha256:70fb482fdf2c707765ab5f0b6655e9cfcf3780d8d87355a063547b41177599be"},
    {file = "greenlet-3.0.3-cp312-cp312-manylinux_2_17_aarch64.manylinux2014_aarch64.whl", hash = "sha256:d4d1ac74f5c0c0524e4a24335350edad7e5f03b9532da7ea4d3c54d527784f2e"},
    {file = "greenlet-3.0.3-cp312-cp312-manylinux_2_17_ppc64le.manylinux2014_ppc64le.whl", hash = "sha256:149e94a2dd82d19838fe4b2259f1b6b9957d5ba1b25640d2380bea9c5df37676"},
    {file = "greenlet-3.0.3-cp312-cp312-manylinux_2_17_s390x.manylinux2014_s390x.whl", hash = "sha256:15d79dd26056573940fcb8c7413d84118086f2ec1a8acdfa854631084393efcc"},
    {file = "greenlet-3.0.3-cp312-cp312-manylinux_2_17_x86_64.manylinux2014_x86_64.whl", hash = "sha256:881b7db1ebff4ba09aaaeae6aa491daeb226c8150fc20e836ad00041bcb11230"},
    {file = "greenlet-3.0.3-cp312-cp312-manylinux_2_24_x86_64.manylinux_2_28_x86_64.whl", hash = "sha256:fcd2469d6a2cf298f198f0487e0a5b1a47a42ca0fa4dfd1b6862c999f018ebbf"},
    {file = "greenlet-3.0.3-cp312-cp312-musllinux_1_1_aarch64.whl", hash = "sha256:1f672519db1796ca0d8753f9e78ec02355e862d0998193038c7073045899f305"},
    {file = "greenlet-3.0.3-cp312-cp312-musllinux_1_1_x86_64.whl", hash = "sha256:2516a9957eed41dd8f1ec0c604f1cdc86758b587d964668b5b196a9db5bfcde6"},
    {file = "greenlet-3.0.3-cp312-cp312-win_amd64.whl", hash = "sha256:bba5387a6975598857d86de9eac14210a49d554a77eb8261cc68b7d082f78ce2"},
    {file = "greenlet-3.0.3-cp37-cp37m-macosx_11_0_universal2.whl", hash = "sha256:5b51e85cb5ceda94e79d019ed36b35386e8c37d22f07d6a751cb659b180d5274"},
    {file = "greenlet-3.0.3-cp37-cp37m-manylinux_2_17_aarch64.manylinux2014_aarch64.whl", hash = "sha256:daf3cb43b7cf2ba96d614252ce1684c1bccee6b2183a01328c98d36fcd7d5cb0"},
    {file = "greenlet-3.0.3-cp37-cp37m-manylinux_2_17_ppc64le.manylinux2014_ppc64le.whl", hash = "sha256:99bf650dc5d69546e076f413a87481ee1d2d09aaaaaca058c9251b6d8c14783f"},
    {file = "greenlet-3.0.3-cp37-cp37m-manylinux_2_17_s390x.manylinux2014_s390x.whl", hash = "sha256:2dd6e660effd852586b6a8478a1d244b8dc90ab5b1321751d2ea15deb49ed414"},
    {file = "greenlet-3.0.3-cp37-cp37m-manylinux_2_17_x86_64.manylinux2014_x86_64.whl", hash = "sha256:e3391d1e16e2a5a1507d83e4a8b100f4ee626e8eca43cf2cadb543de69827c4c"},
    {file = "greenlet-3.0.3-cp37-cp37m-manylinux_2_24_x86_64.manylinux_2_28_x86_64.whl", hash = "sha256:e1f145462f1fa6e4a4ae3c0f782e580ce44d57c8f2c7aae1b6fa88c0b2efdb41"},
    {file = "greenlet-3.0.3-cp37-cp37m-musllinux_1_1_aarch64.whl", hash = "sha256:1a7191e42732df52cb5f39d3527217e7ab73cae2cb3694d241e18f53d84ea9a7"},
    {file = "greenlet-3.0.3-cp37-cp37m-musllinux_1_1_x86_64.whl", hash = "sha256:0448abc479fab28b00cb472d278828b3ccca164531daab4e970a0458786055d6"},
    {file = "greenlet-3.0.3-cp37-cp37m-win32.whl", hash = "sha256:b542be2440edc2d48547b5923c408cbe0fc94afb9f18741faa6ae970dbcb9b6d"},
    {file = "greenlet-3.0.3-cp37-cp37m-win_amd64.whl", hash = "sha256:01bc7ea167cf943b4c802068e178bbf70ae2e8c080467070d01bfa02f337ee67"},
    {file = "greenlet-3.0.3-cp38-cp38-macosx_11_0_universal2.whl", hash = "sha256:1996cb9306c8595335bb157d133daf5cf9f693ef413e7673cb07e3e5871379ca"},
    {file = "greenlet-3.0.3-cp38-cp38-manylinux_2_17_aarch64.manylinux2014_aarch64.whl", hash = "sha256:3ddc0f794e6ad661e321caa8d2f0a55ce01213c74722587256fb6566049a8b04"},
    {file = "greenlet-3.0.3-cp38-cp38-manylinux_2_17_ppc64le.manylinux2014_ppc64le.whl", hash = "sha256:c9db1c18f0eaad2f804728c67d6c610778456e3e1cc4ab4bbd5eeb8e6053c6fc"},
    {file = "greenlet-3.0.3-cp38-cp38-manylinux_2_17_s390x.manylinux2014_s390x.whl", hash = "sha256:7170375bcc99f1a2fbd9c306f5be8764eaf3ac6b5cb968862cad4c7057756506"},
    {file = "greenlet-3.0.3-cp38-cp38-manylinux_2_17_x86_64.manylinux2014_x86_64.whl", hash = "sha256:6b66c9c1e7ccabad3a7d037b2bcb740122a7b17a53734b7d72a344ce39882a1b"},
    {file = "greenlet-3.0.3-cp38-cp38-manylinux_2_24_x86_64.manylinux_2_28_x86_64.whl", hash = "sha256:098d86f528c855ead3479afe84b49242e174ed262456c342d70fc7f972bc13c4"},
    {file = "greenlet-3.0.3-cp38-cp38-musllinux_1_1_aarch64.whl", hash = "sha256:81bb9c6d52e8321f09c3d165b2a78c680506d9af285bfccbad9fb7ad5a5da3e5"},
    {file = "greenlet-3.0.3-cp38-cp38-musllinux_1_1_x86_64.whl", hash = "sha256:fd096eb7ffef17c456cfa587523c5f92321ae02427ff955bebe9e3c63bc9f0da"},
    {file = "greenlet-3.0.3-cp38-cp38-win32.whl", hash = "sha256:d46677c85c5ba00a9cb6f7a00b2bfa6f812192d2c9f7d9c4f6a55b60216712f3"},
    {file = "greenlet-3.0.3-cp38-cp38-win_amd64.whl", hash = "sha256:419b386f84949bf0e7c73e6032e3457b82a787c1ab4a0e43732898a761cc9dbf"},
    {file = "greenlet-3.0.3-cp39-cp39-macosx_11_0_universal2.whl", hash = "sha256:da70d4d51c8b306bb7a031d5cff6cc25ad253affe89b70352af5f1cb68e74b53"},
    {file = "greenlet-3.0.3-cp39-cp39-manylinux_2_17_aarch64.manylinux2014_aarch64.whl", hash = "sha256:086152f8fbc5955df88382e8a75984e2bb1c892ad2e3c80a2508954e52295257"},
    {file = "greenlet-3.0.3-cp39-cp39-manylinux_2_17_ppc64le.manylinux2014_ppc64le.whl", hash = "sha256:d73a9fe764d77f87f8ec26a0c85144d6a951a6c438dfe50487df5595c6373eac"},
    {file = "greenlet-3.0.3-cp39-cp39-manylinux_2_17_s390x.manylinux2014_s390x.whl", hash = "sha256:b7dcbe92cc99f08c8dd11f930de4d99ef756c3591a5377d1d9cd7dd5e896da71"},
    {file = "greenlet-3.0.3-cp39-cp39-manylinux_2_17_x86_64.manylinux2014_x86_64.whl", hash = "sha256:1551a8195c0d4a68fac7a4325efac0d541b48def35feb49d803674ac32582f61"},
    {file = "greenlet-3.0.3-cp39-cp39-manylinux_2_24_x86_64.manylinux_2_28_x86_64.whl", hash = "sha256:64d7675ad83578e3fc149b617a444fab8efdafc9385471f868eb5ff83e446b8b"},
    {file = "greenlet-3.0.3-cp39-cp39-musllinux_1_1_aarch64.whl", hash = "sha256:b37eef18ea55f2ffd8f00ff8fe7c8d3818abd3e25fb73fae2ca3b672e333a7a6"},
    {file = "greenlet-3.0.3-cp39-cp39-musllinux_1_1_x86_64.whl", hash = "sha256:77457465d89b8263bca14759d7c1684df840b6811b2499838cc5b040a8b5b113"},
    {file = "greenlet-3.0.3-cp39-cp39-win32.whl", hash = "sha256:57e8974f23e47dac22b83436bdcf23080ade568ce77df33159e019d161ce1d1e"},
    {file = "greenlet-3.0.3-cp39-cp39-win_amd64.whl", hash = "sha256:c5ee858cfe08f34712f548c3c363e807e7186f03ad7a5039ebadb29e8c6be067"},
    {file = "greenlet-3.0.3.tar.gz", hash = "sha256:43374442353259554ce33599da8b692d5aa96f8976d567d4badf263371fbe491"},
]

[package.extras]
docs = ["Sphinx", "furo"]
test = ["objgraph", "psutil"]

[[package]]
name = "iniconfig"
version = "2.0.0"
description = "brain-dead simple config-ini parsing"
optional = false
python-versions = ">=3.7"
files = [
    {file = "iniconfig-2.0.0-py3-none-any.whl", hash = "sha256:b6a85871a79d2e3b22d2d1b94ac2824226a63c6b741c88f7ae975f18b6778374"},
    {file = "iniconfig-2.0.0.tar.gz", hash = "sha256:2d91e135bf72d31a410b17c16da610a82cb55f6b0477d1a902134b24a455b8b3"},
]

[[package]]
name = "packaging"
version = "24.1"
description = "Core utilities for Python packages"
optional = false
python-versions = ">=3.8"
files = [
    {file = "packaging-24.1-py3-none-any.whl", hash = "sha256:5b8f2217dbdbd2f7f384c41c628544e6d52f2d0f53c6d0c3ea61aa5d1d7ff124"},
    {file = "packaging-24.1.tar.gz", hash = "sha256:026ed72c8ed3fcce5bf8950572258698927fd1dbda10a5e981cdf0ac37f4f002"},
]

[[package]]
name = "pluggy"
version = "1.5.0"
description = "plugin and hook calling mechanisms for python"
optional = false
python-versions = ">=3.8"
files = [
    {file = "pluggy-1.5.0-py3-none-any.whl", hash = "sha256:44e1ad92c8ca002de6377e165f3e0f1be63266ab4d554740532335b9d75ea669"},
    {file = "pluggy-1.5.0.tar.gz", hash = "sha256:2cffa88e94fdc978c4c574f15f9e59b7f4201d439195c3715ca9e2486f1d0cf1"},
]

[package.extras]
dev = ["pre-commit", "tox"]
testing = ["pytest", "pytest-benchmark"]

[[package]]
name = "pytest"
version = "8.3.2"
description = "pytest: simple powerful testing with Python"
optional = false
python-versions = ">=3.8"
files = [
    {file = "pytest-8.3.2-py3-none-any.whl", hash = "sha256:4ba08f9ae7dcf84ded419494d229b48d0903ea6407b030eaec46df5e6a73bba5"},
    {file = "pytest-8.3.2.tar.gz", hash = "sha256:c132345d12ce551242c87269de812483f5bcc87cdbb4722e48487ba194f9fdce"},
]

[package.dependencies]
colorama = {version = "*", markers = "sys_platform == \"win32\""}
exceptiongroup = {version = ">=1.0.0rc8", markers = "python_version < \"3.11\""}
iniconfig = "*"
packaging = "*"
pluggy = ">=1.5,<2"
tomli = {version = ">=1", markers = "python_version < \"3.11\""}

[package.extras]
dev = ["argcomplete", "attrs (>=19.2)", "hypothesis (>=3.56)", "mock", "pygments (>=2.7.2)", "requests", "setuptools", "xmlschema"]

[[package]]
name = "sqlalchemy"
version = "1.4.53"
description = "Database Abstraction Library"
optional = false
python-versions = "!=3.0.*,!=3.1.*,!=3.2.*,!=3.3.*,!=3.4.*,!=3.5.*,>=2.7"
files = [
    {file = "SQLAlchemy-1.4.53-cp310-cp310-macosx_12_0_x86_64.whl", hash = "sha256:b61ac5457d91b5629a3dea2b258deb4cdd35ac8f6fa2031d2b9b2fff5b3396da"},
    {file = "SQLAlchemy-1.4.53-cp310-cp310-manylinux1_x86_64.manylinux2010_x86_64.manylinux_2_12_x86_64.manylinux_2_5_x86_64.manylinux_2_17_x86_64.manylinux2014_x86_64.whl", hash = "sha256:1a96aa8d425047551676b0e178ddb0683421e78eda879ab55775128b2e612cae"},
    {file = "SQLAlchemy-1.4.53-cp310-cp310-manylinux_2_17_aarch64.manylinux2014_aarch64.whl", hash = "sha256:4e10ac36f0b994235c13388b39598bf27219ec8bdea5be99bdac612b01cbe525"},
    {file = "SQLAlchemy-1.4.53-cp310-cp310-manylinux_2_5_x86_64.manylinux1_x86_64.manylinux_2_12_x86_64.manylinux2010_x86_64.whl", hash = "sha256:437592b341a3229dd0443c9c803b0bf0a466f8f539014fef6cdb9c06b7edb7f9"},
    {file = "SQLAlchemy-1.4.53-cp310-cp310-manylinux_2_5_x86_64.manylinux1_x86_64.manylinux_2_17_x86_64.manylinux2014_x86_64.whl", hash = "sha256:784272ceb5eb71421fea9568749bcbe8bd019261a0e2e710a7efa76057af2499"},
    {file = "SQLAlchemy-1.4.53-cp310-cp310-win32.whl", hash = "sha256:122d7b5722df1a24402c6748bbb04687ef981493bb559d0cc0beffe722e0e6ed"},
    {file = "SQLAlchemy-1.4.53-cp310-cp310-win_amd64.whl", hash = "sha256:4604d42b2abccba266d3f5bbe883684b5df93e74054024c70d3fbb5eea45e530"},
    {file = "SQLAlchemy-1.4.53-cp311-cp311-macosx_10_9_universal2.whl", hash = "sha256:fb8e15dfa47f5de11ab073e12aadd6b502cfb7ac4bafd18bd18cfd1c7d13dbbc"},
    {file = "SQLAlchemy-1.4.53-cp311-cp311-manylinux_2_17_aarch64.manylinux2014_aarch64.whl", hash = "sha256:bc8be4df55e8fde3006d9cb1f6b3df2ba26db613855dc4df2c0fcd5ec15cb3b7"},
    {file = "SQLAlchemy-1.4.53-cp311-cp311-manylinux_2_5_x86_64.manylinux1_x86_64.manylinux_2_17_x86_64.manylinux2014_x86_64.whl", hash = "sha256:86b11640251f9a9789fd96cd6e5d176b1c230230c70ad40299bcbcc568451b4c"},
    {file = "SQLAlchemy-1.4.53-cp311-cp311-win32.whl", hash = "sha256:cd534c716f86bdf95b7b984a34ee278c91d1b1d7d183e7e5ff878600b1696046"},
    {file = "SQLAlchemy-1.4.53-cp311-cp311-win_amd64.whl", hash = "sha256:6dd06572872ca13ef5a90306a3e5af787498ddaa17fb00109b1243642646cd69"},
    {file = "SQLAlchemy-1.4.53-cp312-cp312-macosx_10_9_universal2.whl", hash = "sha256:2774c24c405136c3ef472e2352bdca7330659d481fbf2283f996c0ef9eb90f22"},
    {file = "SQLAlchemy-1.4.53-cp312-cp312-manylinux_2_17_aarch64.manylinux2014_aarch64.whl", hash = "sha256:68a614765197b3d13a730d631a78c3bb9b3b72ba58ed7ab295d58d517464e315"},
    {file = "SQLAlchemy-1.4.53-cp312-cp312-manylinux_2_5_x86_64.manylinux1_x86_64.manylinux_2_17_x86_64.manylinux2014_x86_64.whl", hash = "sha256:d13d4dfbc6e52363886b47cf02cf68c5d2a37c468626694dc210d7e97d4ad330"},
    {file = "SQLAlchemy-1.4.53-cp312-cp312-win32.whl", hash = "sha256:197065b91456574d70b6459bfa62bc0b52a4960a29ef923c375ec427274a3e05"},
    {file = "SQLAlchemy-1.4.53-cp312-cp312-win_amd64.whl", hash = "sha256:421306c4b936b0271a3ce2dc074928d5ece4a36f9c482daa5770f44ecfc3a883"},
    {file = "SQLAlchemy-1.4.53-cp36-cp36m-macosx_10_14_x86_64.whl", hash = "sha256:13fc34b35d8ddb3fbe3f8fcfdf6c2546e676187f0fb20f5774da362ddaf8fa2d"},
    {file = "SQLAlchemy-1.4.53-cp36-cp36m-manylinux1_x86_64.manylinux2010_x86_64.manylinux_2_12_x86_64.manylinux_2_5_x86_64.manylinux_2_17_x86_64.manylinux2014_x86_64.whl", hash = "sha256:626be971ff89541cfd3e70b54be00b57a7f8557204decb6223ce0428fec058f3"},
    {file = "SQLAlchemy-1.4.53-cp36-cp36m-manylinux_2_17_aarch64.manylinux2014_aarch64.whl", hash = "sha256:991e42fdfec561ebc6a4fae7161a86d129d6069fa14210b96b8dd752afa7059c"},
    {file = "SQLAlchemy-1.4.53-cp36-cp36m-manylinux_2_5_x86_64.manylinux1_x86_64.manylinux_2_12_x86_64.manylinux2010_x86_64.whl", hash = "sha256:95123f3a1e0e8020848fd32ba751db889a01a44e4e4fef7e58c87ddd0b2fca59"},
    {file = "SQLAlchemy-1.4.53-cp36-cp36m-manylinux_2_5_x86_64.manylinux1_x86_64.manylinux_2_17_x86_64.manylinux2014_x86_64.whl", hash = "sha256:c58e011e9e6373b3a091d83f20601fb335a3b4bace80bfcb914ac168aad3b70d"},
    {file = "SQLAlchemy-1.4.53-cp37-cp37m-macosx_11_0_x86_64.whl", hash = "sha256:670c7769bf5dcae9aff331247b5d82fe635c63731088a46ce68ba2ba519ef36e"},
    {file = "SQLAlchemy-1.4.53-cp37-cp37m-manylinux1_x86_64.manylinux2010_x86_64.manylinux_2_12_x86_64.manylinux_2_5_x86_64.manylinux_2_17_x86_64.manylinux2014_x86_64.whl", hash = "sha256:07ba54f09033d387ae9df8d62cbe211ed7304e0bfbece1f8c55e21db9fae5c11"},
    {file = "SQLAlchemy-1.4.53-cp37-cp37m-manylinux_2_17_aarch64.manylinux2014_aarch64.whl", hash = "sha256:1a38834b4c183c33daf58544281395aad2e985f0b47cca1e88ea5ada88344e63"},
    {file = "SQLAlchemy-1.4.53-cp37-cp37m-manylinux_2_5_x86_64.manylinux1_x86_64.manylinux_2_12_x86_64.manylinux2010_x86_64.whl", hash = "sha256:616492f5315128a847f293a7c552f3561ac7e996d2aa5dc46bef4fb0d3781f1d"},
    {file = "SQLAlchemy-1.4.53-cp37-cp37m-manylinux_2_5_x86_64.manylinux1_x86_64.manylinux_2_17_x86_64.manylinux2014_x86_64.whl", hash = "sha256:c0cf8c0af9563892c6632f7343bc393dfce6eeef8e4d10c5fadba9c0390520bd"},
    {file = "SQLAlchemy-1.4.53-cp37-cp37m-win32.whl", hash = "sha256:c05fe05941424c2f3747a8952381b7725e24cba2ca00141380e54789d5b616b6"},
    {file = "SQLAlchemy-1.4.53-cp37-cp37m-win_amd64.whl", hash = "sha256:93e90aa3e3b2f8e8cbae4d5509f8e0cf82972378d323c740a8df1c1e9f484172"},
    {file = "SQLAlchemy-1.4.53-cp38-cp38-macosx_12_0_x86_64.whl", hash = "sha256:9d7368df54d3ed45a18955f6cec38ebe075290594ac0d5c87a8ddaff7e10de27"},
    {file = "SQLAlchemy-1.4.53-cp38-cp38-manylinux1_x86_64.manylinux2010_x86_64.manylinux_2_12_x86_64.manylinux_2_5_x86_64.manylinux_2_17_x86_64.manylinux2014_x86_64.whl", hash = "sha256:89d8ac4158ef68eea8bb0f6dd0583127d9aa8720606964ba8eee20b254f9c83a"},
    {file = "SQLAlchemy-1.4.53-cp38-cp38-manylinux_2_17_aarch64.manylinux2014_aarch64.whl", hash = "sha256:16bb9fa4d00b4581b14d9f0e2224dc7745b854aa4687738279af0f48f7056c98"},
    {file = "SQLAlchemy-1.4.53-cp38-cp38-manylinux_2_5_x86_64.manylinux1_x86_64.manylinux_2_12_x86_64.manylinux2010_x86_64.whl", hash = "sha256:4fe5168d0249c23f537950b6d75935ff2709365a113e29938a979aec36668ecf"},
    {file = "SQLAlchemy-1.4.53-cp38-cp38-manylinux_2_5_x86_64.manylinux1_x86_64.manylinux_2_17_x86_64.manylinux2014_x86_64.whl", hash = "sha256:8b8608d162d3bd29d807aab32c3fb6e2f8e225a43d1c54c917fed38513785380"},
    {file = "SQLAlchemy-1.4.53-cp38-cp38-win32.whl", hash = "sha256:a9d4d132198844bd6828047135ce7b887687c92925049a2468a605fc775c7a1a"},
    {file = "SQLAlchemy-1.4.53-cp38-cp38-win_amd64.whl", hash = "sha256:c15d1f1fcf1f9bec0499ae1d9132b950fcc7730f2d26d10484c8808b4e077816"},
    {file = "SQLAlchemy-1.4.53-cp39-cp39-macosx_12_0_x86_64.whl", hash = "sha256:edf094a20a386ff2ec73de65ef18014b250259cb860edc61741e240ca22d6981"},
    {file = "SQLAlchemy-1.4.53-cp39-cp39-manylinux1_x86_64.manylinux2010_x86_64.manylinux_2_12_x86_64.manylinux_2_5_x86_64.manylinux_2_17_x86_64.manylinux2014_x86_64.whl", hash = "sha256:83a9c3514ff19d9d30d8a8d378b24cd1dfa5528d20891481cb5f196117db6a48"},
    {file = "SQLAlchemy-1.4.53-cp39-cp39-manylinux_2_17_aarch64.manylinux2014_aarch64.whl", hash = "sha256:eaaeedbceb4dfd688fff2faf25a9a87a391f548811494f7bff7fa701b639abc3"},
    {file = "SQLAlchemy-1.4.53-cp39-cp39-manylinux_2_5_x86_64.manylinux1_x86_64.manylinux_2_12_x86_64.manylinux2010_x86_64.whl", hash = "sha256:d021699b9007deb7aa715629078830c99a5fec2753d9bdd5ff33290d363ef755"},
    {file = "SQLAlchemy-1.4.53-cp39-cp39-manylinux_2_5_x86_64.manylinux1_x86_64.manylinux_2_17_x86_64.manylinux2014_x86_64.whl", hash = "sha256:0465b8a68f8f4de754c1966c45b187ac784ad97bc9747736f913130f0e1adea0"},
    {file = "SQLAlchemy-1.4.53-cp39-cp39-win32.whl", hash = "sha256:5f67b9e9dcac3241781e96575468d55a42332157dee04bdbf781df573dff5f85"},
    {file = "SQLAlchemy-1.4.53-cp39-cp39-win_amd64.whl", hash = "sha256:a8c2f2a0b2c4e3b86eb58c9b6bb98548205eea2fba9dae4edfd29dc6aebbe95a"},
    {file = "SQLAlchemy-1.4.53.tar.gz", hash = "sha256:5e6ab710c4c064755fd92d1a417bef360228a19bdf0eee32b03aa0f5f8e9fe0d"},
]

[package.dependencies]
greenlet = {version = "!=0.4.17", markers = "python_version >= \"3\" and (platform_machine == \"aarch64\" or platform_machine == \"ppc64le\" or platform_machine == \"x86_64\" or platform_machine == \"amd64\" or platform_machine == \"AMD64\" or platform_machine == \"win32\" or platform_machine == \"WIN32\")"}

[package.extras]
aiomysql = ["aiomysql (>=0.2.0)", "greenlet (!=0.4.17)"]
aiosqlite = ["aiosqlite", "greenlet (!=0.4.17)", "typing_extensions (!=3.10.0.1)"]
asyncio = ["greenlet (!=0.4.17)"]
asyncmy = ["asyncmy (>=0.2.3,!=0.2.4)", "greenlet (!=0.4.17)"]
mariadb-connector = ["mariadb (>=1.0.1,!=1.1.2)", "mariadb (>=1.0.1,!=1.1.2)"]
mssql = ["pyodbc"]
mssql-pymssql = ["pymssql", "pymssql"]
mssql-pyodbc = ["pyodbc", "pyodbc"]
mypy = ["mypy (>=0.910)", "sqlalchemy2-stubs"]
mysql = ["mysqlclient (>=1.4.0)", "mysqlclient (>=1.4.0,<2)"]
mysql-connector = ["mysql-connector-python", "mysql-connector-python"]
oracle = ["cx_oracle (>=7)", "cx_oracle (>=7,<8)"]
postgresql = ["psycopg2 (>=2.7)"]
postgresql-asyncpg = ["asyncpg", "asyncpg", "greenlet (!=0.4.17)", "greenlet (!=0.4.17)"]
postgresql-pg8000 = ["pg8000 (>=1.16.6,!=1.29.0)", "pg8000 (>=1.16.6,!=1.29.0)"]
postgresql-psycopg2binary = ["psycopg2-binary"]
postgresql-psycopg2cffi = ["psycopg2cffi"]
pymysql = ["pymysql", "pymysql (<1)"]
sqlcipher = ["sqlcipher3_binary"]

[[package]]
name = "tomli"
version = "2.0.1"
description = "A lil' TOML parser"
optional = false
python-versions = ">=3.7"
files = [
    {file = "tomli-2.0.1-py3-none-any.whl", hash = "sha256:939de3e7a6161af0c887ef91b7d41a53e7c5a1ca976325f429cb46ea9bc30ecc"},
    {file = "tomli-2.0.1.tar.gz", hash = "sha256:de526c12914f0c550d15924c62d72abc48d6fe7364aa87328337a31007fe8a4f"},
]

[metadata]
lock-version = "2.0"
python-versions = "^3.9"
content-hash = "f8cab28388671b90c867503f94c4e2a39e57ab603b3d8650bf0c9cca60f3c8db"
